
Microsoft Visual Studio Solution File, Format Version 12.00
# Visual Studio 15
VisualStudioVersion = 15.0.28307.1831
MinimumVisualStudioVersion = 10.0.40219.1
Project("{FAE04EC0-301F-11D3-BF4B-00C04F79EFBC}") = "TestApp", "TestApp\TestApp.csproj", "{5C128700-1D4E-4633-8383-61739F67FC09}"
EndProject
Project("{FAE04EC0-301F-11D3-BF4B-00C04F79EFBC}") = "DomainModel", "DomainModel\DomainModel.csproj", "{52499EE8-520B-4A72-BE68-587F2FB18B65}"
EndProject
Global
	GlobalSection(SolutionConfigurationPlatforms) = preSolution
		Debug|Any CPU = Debug|Any CPU
		Release|Any CPU = Release|Any CPU
	EndGlobalSection
	GlobalSection(ProjectConfigurationPlatforms) = postSolution
		{5C128700-1D4E-4633-8383-61739F67FC09}.Debug|Any CPU.ActiveCfg = Debug|Any CPU
		{5C128700-1D4E-4633-8383-61739F67FC09}.Debug|Any CPU.Build.0 = Debug|Any CPU
		{5C128700-1D4E-4633-8383-61739F67FC09}.Release|Any CPU.ActiveCfg = Release|Any CPU
		{5C128700-1D4E-4633-8383-61739F67FC09}.Release|Any CPU.Build.0 = Release|Any CPU
		{52499EE8-520B-4A72-BE68-587F2FB18B65}.Debug|Any CPU.ActiveCfg = Debug|Any CPU
		{52499EE8-520B-4A72-BE68-587F2FB18B65}.Debug|Any CPU.Build.0 = Debug|Any CPU
		{52499EE8-520B-4A72-BE68-587F2FB18B65}.Release|Any CPU.ActiveCfg = Release|Any CPU
		{52499EE8-520B-4A72-BE68-587F2FB18B65}.Release|Any CPU.Build.0 = Release|Any CPU
	EndGlobalSection
	GlobalSection(SolutionProperties) = preSolution
		HideSolutionNode = FALSE
	EndGlobalSection
	GlobalSection(ExtensibilityGlobals) = postSolution
		SolutionGuid = {4FDB74BC-E59E-48C5-9838-A1A345406D04}
	EndGlobalSection
EndGlobal
