
Microsoft Visual Studio Solution File, Format Version 12.00
# Visual Studio 15
VisualStudioVersion = 15.0.28307.1831
MinimumVisualStudioVersion = 10.0.40219.1
Project("{2150E333-8FDC-42A3-9474-1A3956D46DE8}") = "Sources", "Sources", "{582209C2-D99A-4C71-AD72-E09D932077A6}"
EndProject
Project("{2150E333-8FDC-42A3-9474-1A3956D46DE8}") = "Client", "Client", "{4D8222D1-1EBA-4544-809E-56F3BEF592DA}"
EndProject
Project("{2150E333-8FDC-42A3-9474-1A3956D46DE8}") = "DAL_MSSql", "DAL_MSSql", "{01683A42-4FF6-48EF-B5EC-DEB89D33FD8C}"
EndProject
Project("{2150E333-8FDC-42A3-9474-1A3956D46DE8}") = "Core", "Core", "{4DFFA3E2-EE0F-43F3-B65C-88D03FE6276C}"
EndProject
Project("{2150E333-8FDC-42A3-9474-1A3956D46DE8}") = "DAL", "DAL", "{BE2A081A-7051-4521-BC46-7781C2BBB603}"
EndProject
Project("{FAE04EC0-301F-11D3-BF4B-00C04F79EFBC}") = "DomainModel", "Core\DomainModel\DomainModel.csproj", "{52499EE8-520B-4A72-BE68-587F2FB18B65}"
EndProject
Project("{FAE04EC0-301F-11D3-BF4B-00C04F79EFBC}") = "BusinessLogic", "Core\BusinessLogic\BusinessLogic.csproj", "{F923C14F-D5B6-41BC-9298-9B1570F79F26}"
EndProject
Project("{FAE04EC0-301F-11D3-BF4B-00C04F79EFBC}") = "DAL_MSSql", "DAL\DAL_MSSql\DAL_MSSql.csproj", "{282238D7-4CC1-418D-A505-333B81A7133F}"
EndProject
Project("{2150E333-8FDC-42A3-9474-1A3956D46DE8}") = "WinForms", "WinForms", "{12272B43-BA5B-4E66-A16B-5BCE65E9176C}"
EndProject
Project("{FAE04EC0-301F-11D3-BF4B-00C04F79EFBC}") = "TestApp", "Client\WinForms\TestApp\TestApp.csproj", "{BACA0E23-1210-4978-8CA3-8937C2526C38}"
EndProject
Project("{2150E333-8FDC-42A3-9474-1A3956D46DE8}") = "Service", "Service", "{6E800FC1-4966-4A37-A93C-08EA62328897}"
EndProject
Project("{2150E333-8FDC-42A3-9474-1A3956D46DE8}") = "BL", "BL", "{6D05CD74-2C0A-4A51-96D5-0704EAA09951}"
EndProject
Project("{FAE04EC0-301F-11D3-BF4B-00C04F79EFBC}") = "BusinessLogic2", "BL\BusinessLogic2\BusinessLogic2.csproj", "{3A890096-30EB-4455-9478-870D92F67B52}"
EndProject
Project("{2150E333-8FDC-42A3-9474-1A3956D46DE8}") = "Text", "Text", "{CF420091-F846-4689-9394-9D60B9138BF8}"
EndProject
Project("{FAE04EC0-301F-11D3-BF4B-00C04F79EFBC}") = "TestApp", "Client\TestApp\TestApp.csproj", "{A9814E71-6211-478C-9385-14EC38D6B111}"
EndProject
Project("{FAE04EC0-301F-11D3-BF4B-00C04F79EFBC}") = "REST", "Service\REST\REST.csproj", "{CDB18D70-4DB7-4922-B57A-F876E2BA3887}"
EndProject
Project("{FAE04EC0-301F-11D3-BF4B-00C04F79EFBC}") = "MsSqlRepository", "DAL\MsSqlRepository\MsSqlRepository.csproj", "{05194F4B-4ABD-4397-874F-2388109B0193}"
EndProject
Project("{FAE04EC0-301F-11D3-BF4B-00C04F79EFBC}") = "MokeRepository", "DAL\MokeRepository\MokeRepository.csproj", "{A7E12261-B263-43AB-8983-559E7BE8C6A5}"
EndProject
Global
	GlobalSection(SolutionConfigurationPlatforms) = preSolution
		Debug|Any CPU = Debug|Any CPU
		Release|Any CPU = Release|Any CPU
	EndGlobalSection
	GlobalSection(ProjectConfigurationPlatforms) = postSolution
		{52499EE8-520B-4A72-BE68-587F2FB18B65}.Debug|Any CPU.ActiveCfg = Debug|Any CPU
		{52499EE8-520B-4A72-BE68-587F2FB18B65}.Debug|Any CPU.Build.0 = Debug|Any CPU
		{52499EE8-520B-4A72-BE68-587F2FB18B65}.Release|Any CPU.ActiveCfg = Release|Any CPU
		{52499EE8-520B-4A72-BE68-587F2FB18B65}.Release|Any CPU.Build.0 = Release|Any CPU
		{F923C14F-D5B6-41BC-9298-9B1570F79F26}.Debug|Any CPU.ActiveCfg = Debug|Any CPU
		{F923C14F-D5B6-41BC-9298-9B1570F79F26}.Debug|Any CPU.Build.0 = Debug|Any CPU
		{F923C14F-D5B6-41BC-9298-9B1570F79F26}.Release|Any CPU.ActiveCfg = Release|Any CPU
		{F923C14F-D5B6-41BC-9298-9B1570F79F26}.Release|Any CPU.Build.0 = Release|Any CPU
		{282238D7-4CC1-418D-A505-333B81A7133F}.Debug|Any CPU.ActiveCfg = Debug|Any CPU
		{282238D7-4CC1-418D-A505-333B81A7133F}.Debug|Any CPU.Build.0 = Debug|Any CPU
		{282238D7-4CC1-418D-A505-333B81A7133F}.Release|Any CPU.ActiveCfg = Release|Any CPU
		{282238D7-4CC1-418D-A505-333B81A7133F}.Release|Any CPU.Build.0 = Release|Any CPU
		{BACA0E23-1210-4978-8CA3-8937C2526C38}.Debug|Any CPU.ActiveCfg = Debug|Any CPU
		{BACA0E23-1210-4978-8CA3-8937C2526C38}.Debug|Any CPU.Build.0 = Debug|Any CPU
		{BACA0E23-1210-4978-8CA3-8937C2526C38}.Release|Any CPU.ActiveCfg = Release|Any CPU
		{BACA0E23-1210-4978-8CA3-8937C2526C38}.Release|Any CPU.Build.0 = Release|Any CPU
		{3A890096-30EB-4455-9478-870D92F67B52}.Debug|Any CPU.ActiveCfg = Debug|Any CPU
		{3A890096-30EB-4455-9478-870D92F67B52}.Debug|Any CPU.Build.0 = Debug|Any CPU
		{3A890096-30EB-4455-9478-870D92F67B52}.Release|Any CPU.ActiveCfg = Release|Any CPU
		{3A890096-30EB-4455-9478-870D92F67B52}.Release|Any CPU.Build.0 = Release|Any CPU
		{A9814E71-6211-478C-9385-14EC38D6B111}.Debug|Any CPU.ActiveCfg = Debug|Any CPU
		{A9814E71-6211-478C-9385-14EC38D6B111}.Debug|Any CPU.Build.0 = Debug|Any CPU
		{A9814E71-6211-478C-9385-14EC38D6B111}.Release|Any CPU.ActiveCfg = Release|Any CPU
		{A9814E71-6211-478C-9385-14EC38D6B111}.Release|Any CPU.Build.0 = Release|Any CPU
		{CDB18D70-4DB7-4922-B57A-F876E2BA3887}.Debug|Any CPU.ActiveCfg = Debug|Any CPU
		{CDB18D70-4DB7-4922-B57A-F876E2BA3887}.Debug|Any CPU.Build.0 = Debug|Any CPU
		{CDB18D70-4DB7-4922-B57A-F876E2BA3887}.Release|Any CPU.ActiveCfg = Release|Any CPU
		{CDB18D70-4DB7-4922-B57A-F876E2BA3887}.Release|Any CPU.Build.0 = Release|Any CPU
		{05194F4B-4ABD-4397-874F-2388109B0193}.Debug|Any CPU.ActiveCfg = Debug|Any CPU
		{05194F4B-4ABD-4397-874F-2388109B0193}.Debug|Any CPU.Build.0 = Debug|Any CPU
		{05194F4B-4ABD-4397-874F-2388109B0193}.Release|Any CPU.ActiveCfg = Release|Any CPU
		{05194F4B-4ABD-4397-874F-2388109B0193}.Release|Any CPU.Build.0 = Release|Any CPU
		{A7E12261-B263-43AB-8983-559E7BE8C6A5}.Debug|Any CPU.ActiveCfg = Debug|Any CPU
		{A7E12261-B263-43AB-8983-559E7BE8C6A5}.Debug|Any CPU.Build.0 = Debug|Any CPU
		{A7E12261-B263-43AB-8983-559E7BE8C6A5}.Release|Any CPU.ActiveCfg = Release|Any CPU
		{A7E12261-B263-43AB-8983-559E7BE8C6A5}.Release|Any CPU.Build.0 = Release|Any CPU
	EndGlobalSection
	GlobalSection(SolutionProperties) = preSolution
		HideSolutionNode = FALSE
	EndGlobalSection
	GlobalSection(NestedProjects) = preSolution
		{4D8222D1-1EBA-4544-809E-56F3BEF592DA} = {582209C2-D99A-4C71-AD72-E09D932077A6}
		{01683A42-4FF6-48EF-B5EC-DEB89D33FD8C} = {BE2A081A-7051-4521-BC46-7781C2BBB603}
		{4DFFA3E2-EE0F-43F3-B65C-88D03FE6276C} = {582209C2-D99A-4C71-AD72-E09D932077A6}
		{BE2A081A-7051-4521-BC46-7781C2BBB603} = {582209C2-D99A-4C71-AD72-E09D932077A6}
		{52499EE8-520B-4A72-BE68-587F2FB18B65} = {4DFFA3E2-EE0F-43F3-B65C-88D03FE6276C}
		{F923C14F-D5B6-41BC-9298-9B1570F79F26} = {4DFFA3E2-EE0F-43F3-B65C-88D03FE6276C}
		{282238D7-4CC1-418D-A505-333B81A7133F} = {01683A42-4FF6-48EF-B5EC-DEB89D33FD8C}
		{12272B43-BA5B-4E66-A16B-5BCE65E9176C} = {4D8222D1-1EBA-4544-809E-56F3BEF592DA}
		{BACA0E23-1210-4978-8CA3-8937C2526C38} = {12272B43-BA5B-4E66-A16B-5BCE65E9176C}
		{6E800FC1-4966-4A37-A93C-08EA62328897} = {582209C2-D99A-4C71-AD72-E09D932077A6}
		{6D05CD74-2C0A-4A51-96D5-0704EAA09951} = {582209C2-D99A-4C71-AD72-E09D932077A6}
		{3A890096-30EB-4455-9478-870D92F67B52} = {6D05CD74-2C0A-4A51-96D5-0704EAA09951}
		{CF420091-F846-4689-9394-9D60B9138BF8} = {4D8222D1-1EBA-4544-809E-56F3BEF592DA}
		{A9814E71-6211-478C-9385-14EC38D6B111} = {CF420091-F846-4689-9394-9D60B9138BF8}
		{CDB18D70-4DB7-4922-B57A-F876E2BA3887} = {6E800FC1-4966-4A37-A93C-08EA62328897}
		{05194F4B-4ABD-4397-874F-2388109B0193} = {BE2A081A-7051-4521-BC46-7781C2BBB603}
		{A7E12261-B263-43AB-8983-559E7BE8C6A5} = {BE2A081A-7051-4521-BC46-7781C2BBB603}
	EndGlobalSection
	GlobalSection(ExtensibilityGlobals) = postSolution
		SolutionGuid = {4FDB74BC-E59E-48C5-9838-A1A345406D04}
	EndGlobalSection
EndGlobal
